# THIS IS AN AUTOGENERATED FILE. DO NOT EDIT THIS FILE DIRECTLY.
# yarn lockfile v1


google-protobuf@^3.5.0:
  version "3.6.1"
  resolved "https://registry.yarnpkg.com/google-protobuf/-/google-protobuf-3.6.1.tgz#7ef58e2bea137a93cdaf5cfd5afa5f6abdd92025"

ts-protoc-gen@^0.7.6:
  version "0.7.6"
  resolved "https://registry.yarnpkg.com/ts-protoc-gen/-/ts-protoc-gen-0.7.6.tgz#e3da534fc498b5304e1a8416f278187bf9fbc91c"
  dependencies:
    google-protobuf "^3.5.0"
